
Microsoft Visual Studio Solution File, Format Version 12.00
# Visual Studio Version 16
VisualStudioVersion = 16.0.30907.101
MinimumVisualStudioVersion = 10.0.40219.1
Project("{9A19103F-16F7-4668-BE54-9A1E7A4F7556}") = "StorePOS", "StorePOS\StorePOS.csproj", "{CDAC9FF7-9E4A-447A-A4A1-228982E4389E}"
EndProject
Global
	GlobalSection(SolutionConfigurationPlatforms) = preSolution
		Debug|Any CPU = Debug|Any CPU
		Release|Any CPU = Release|Any CPU
	EndGlobalSection
	GlobalSection(ProjectConfigurationPlatforms) = postSolution
		{CDAC9FF7-9E4A-447A-A4A1-228982E4389E}.Debug|Any CPU.ActiveCfg = Debug|Any CPU
		{CDAC9FF7-9E4A-447A-A4A1-228982E4389E}.Debug|Any CPU.Build.0 = Debug|Any CPU
		{CDAC9FF7-9E4A-447A-A4A1-228982E4389E}.Release|Any CPU.ActiveCfg = Release|Any CPU
		{CDAC9FF7-9E4A-447A-A4A1-228982E4389E}.Release|Any CPU.Build.0 = Release|Any CPU
	EndGlobalSection
	GlobalSection(SolutionProperties) = preSolution
		HideSolutionNode = FALSE
	EndGlobalSection
	GlobalSection(ExtensibilityGlobals) = postSolution
		SolutionGuid = {FB09860E-A5CC-4C49-8F9D-21CCBEF32EA2}
	EndGlobalSection
EndGlobal
